
Microsoft Visual Studio Solution File, Format Version 12.00
# Visual Studio Version 17
VisualStudioVersion = 17.14.36811.4 d17.14
MinimumVisualStudioVersion = 10.0.40219.1
Project("{FAE04EC0-301F-11D3-BF4B-00C04F79EFBC}") = "Notes", "Notes.csproj", "{803B3656-59D3-485A-A259-71C66E42B900}"
EndProject
Global
	GlobalSection(SolutionConfigurationPlatforms) = preSolution
		Debug|Any CPU = Debug|Any CPU
		Release|Any CPU = Release|Any CPU
	EndGlobalSection
	GlobalSection(ProjectConfigurationPlatforms) = postSolution
		{803B3656-59D3-485A-A259-71C66E42B900}.Debug|Any CPU.ActiveCfg = Debug|Any CPU
		{803B3656-59D3-485A-A259-71C66E42B900}.Debug|Any CPU.Build.0 = Debug|Any CPU
		{803B3656-59D3-485A-A259-71C66E42B900}.Release|Any CPU.ActiveCfg = Release|Any CPU
		{803B3656-59D3-485A-A259-71C66E42B900}.Release|Any CPU.Build.0 = Release|Any CPU
	EndGlobalSection
	GlobalSection(SolutionProperties) = preSolution
		HideSolutionNode = FALSE
	EndGlobalSection
	GlobalSection(ExtensibilityGlobals) = postSolution
		SolutionGuid = {02D94CB6-EF5B-4AB0-8170-C7BFF8D13702}
	EndGlobalSection
EndGlobal
